{
  "originHash" : "fea704f5394fe8d15e2344feca3ec7b1901ee501f04d92d1428bca3becdc2d77",
  "pins" : [
    {
      "identity" : "version",
      "kind" : "remoteSourceControl",
      "location" : "https://github.com/mxcl/Version.git",
      "state" : {
        "revision" : "1fe824b80d89201652e7eca7c9252269a1d85e25",
        "version" : "2.0.1"
      }
    }
  ],
  "version" : 3
}
